// !$*UTF8*$!
{
	archiveVersion = 1;
	classes = {
	};
	objectVersion = 50;
	objects = {

/* Begin PBXBuildFile section */
		2359FF09C849BCF346599EAC /* Pods_appstoreSearch.framework in Frameworks */ = {isa = PBXBuildFile; fileRef = 5F0A7B8806A6DF1C8303BAE7 /* Pods_appstoreSearch.framework */; };
		C5D6338D5DAE16E61587B30A /* Pods_appstoreSearchUITests.framework in Frameworks */ = {isa = PBXBuildFile; fileRef = 58322E05525817E6DDDC9101 /* Pods_appstoreSearchUITests.framework */; };
		DB5192C5224178C90014A0A5 /* AppDetailViewController.swift in Sources */ = {isa = PBXBuildFile; fileRef = DB5192C4224178C90014A0A5 /* AppDetailViewController.swift */; };
		DB5192C82242609E0014A0A5 /* AppTitleCell.swift in Sources */ = {isa = PBXBuildFile; fileRef = DB5192C72242609E0014A0A5 /* AppTitleCell.swift */; };
		DB5192CA224267DD0014A0A5 /* UIImageViewExtension.swift in Sources */ = {isa = PBXBuildFile; fileRef = DB5192C9224267DD0014A0A5 /* UIImageViewExtension.swift */; };
		DB72E2152243788100D54DA1 /* AppDetail.swift in Sources */ = {isa = PBXBuildFile; fileRef = DB72E2142243788100D54DA1 /* AppDetail.swift */; };
		DB72E21722437F8300D54DA1 /* DeveloperInfoCell.swift in Sources */ = {isa = PBXBuildFile; fileRef = DB72E21622437F8300D54DA1 /* DeveloperInfoCell.swift */; };
		DB72E21A22437FCB00D54DA1 /* ScreenShotImageCell.swift in Sources */ = {isa = PBXBuildFile; fileRef = DB72E21922437FCB00D54DA1 /* ScreenShotImageCell.swift */; };
		DB72E21C224383DC00D54DA1 /* AppInfoTitleCell.swift in Sources */ = {isa = PBXBuildFile; fileRef = DB72E21B224383DC00D54DA1 /* AppInfoTitleCell.swift */; };
		DB72E21E224383F200D54DA1 /* AppInfoCell.swift in Sources */ = {isa = PBXBuildFile; fileRef = DB72E21D224383F200D54DA1 /* AppInfoCell.swift */; };
		DB72E2202243DE7F00D54DA1 /* AppDetailCellFactory.swift in Sources */ = {isa = PBXBuildFile; fileRef = DB72E21F2243DE7F00D54DA1 /* AppDetailCellFactory.swift */; };
		DB7A78B92242AC29003589C3 /* AppRatingCell.swift in Sources */ = {isa = PBXBuildFile; fileRef = DB7A78B82242AC29003589C3 /* AppRatingCell.swift */; };
		DB7A78BB2242CA32003589C3 /* NewFeatureCell.swift in Sources */ = {isa = PBXBuildFile; fileRef = DB7A78BA2242CA32003589C3 /* NewFeatureCell.swift */; };
		DB7A78BD2242CB20003589C3 /* ScreenShotCell.swift in Sources */ = {isa = PBXBuildFile; fileRef = DB7A78BC2242CB20003589C3 /* ScreenShotCell.swift */; };
		DB7A78BF2242CBC7003589C3 /* ScreenShotDeivceCell.swift in Sources */ = {isa = PBXBuildFile; fileRef = DB7A78BE2242CBC7003589C3 /* ScreenShotDeivceCell.swift */; };
		DB7A78C12242CC95003589C3 /* AppDescriptionCell.swift in Sources */ = {isa = PBXBuildFile; fileRef = DB7A78C02242CC95003589C3 /* AppDescriptionCell.swift */; };
		DB8B6BF7223D025900BDDB18 /* SerachResult.swift in Sources */ = {isa = PBXBuildFile; fileRef = DB8B6BF6223D025900BDDB18 /* SerachResult.swift */; };
		DB8B6BF9223D4C2C00BDDB18 /* APIError.swift in Sources */ = {isa = PBXBuildFile; fileRef = DB8B6BF8223D4C2C00BDDB18 /* APIError.swift */; };
		DB8B6BFD223D4DC900BDDB18 /* Logger.swift in Sources */ = {isa = PBXBuildFile; fileRef = DB8B6BFC223D4DC900BDDB18 /* Logger.swift */; };
		DB8B6C00223D4E4200BDDB18 /* API.swift in Sources */ = {isa = PBXBuildFile; fileRef = DB8B6BFF223D4E4200BDDB18 /* API.swift */; };
		DB8B6C02223E690000BDDB18 /* SearchHistory.swift in Sources */ = {isa = PBXBuildFile; fileRef = DB8B6C01223E690000BDDB18 /* SearchHistory.swift */; };
		DB8B6C05223E72C400BDDB18 /* HistoryCell.swift in Sources */ = {isa = PBXBuildFile; fileRef = DB8B6C04223E72C400BDDB18 /* HistoryCell.swift */; };
		DB8B6C09223E7DB900BDDB18 /* StringExtensions.swift in Sources */ = {isa = PBXBuildFile; fileRef = DB8B6C08223E7DB900BDDB18 /* StringExtensions.swift */; };
		DB8B6C0C223E97E600BDDB18 /* RelatedKeywordsViewController.swift in Sources */ = {isa = PBXBuildFile; fileRef = DB8B6C0B223E97E600BDDB18 /* RelatedKeywordsViewController.swift */; };
		DB8B6C0E223E9AFB00BDDB18 /* RelatedResultCell.swift in Sources */ = {isa = PBXBuildFile; fileRef = DB8B6C0D223E9AFB00BDDB18 /* RelatedResultCell.swift */; };
		DB946D87223CF3540053DBE2 /* AppDelegate.swift in Sources */ = {isa = PBXBuildFile; fileRef = DB946D86223CF3540053DBE2 /* AppDelegate.swift */; };
		DB946D89223CF3540053DBE2 /* SearchViewController.swift in Sources */ = {isa = PBXBuildFile; fileRef = DB946D88223CF3540053DBE2 /* SearchViewController.swift */; };
		DB946D8C223CF3540053DBE2 /* Main.storyboard in Resources */ = {isa = PBXBuildFile; fileRef = DB946D8A223CF3540053DBE2 /* Main.storyboard */; };
		DB946D8E223CF3590053DBE2 /* Assets.xcassets in Resources */ = {isa = PBXBuildFile; fileRef = DB946D8D223CF3590053DBE2 /* Assets.xcassets */; };
		DB946D91223CF3590053DBE2 /* LaunchScreen.storyboard in Resources */ = {isa = PBXBuildFile; fileRef = DB946D8F223CF3590053DBE2 /* LaunchScreen.storyboard */; };
		DB946D9C223CF3590053DBE2 /* appstoreSearchTests.swift in Sources */ = {isa = PBXBuildFile; fileRef = DB946D9B223CF3590053DBE2 /* appstoreSearchTests.swift */; };
		DB946DA7223CF3590053DBE2 /* appstoreSearchUITests.swift in Sources */ = {isa = PBXBuildFile; fileRef = DB946DA6223CF3590053DBE2 /* appstoreSearchUITests.swift */; };
		DB9EF158223F895A004962CB /* SearchResultCell.swift in Sources */ = {isa = PBXBuildFile; fileRef = DB9EF157223F895A004962CB /* SearchResultCell.swift */; };
		DB9EF15A223F89D3004962CB /* AppResultsViewController.swift in Sources */ = {isa = PBXBuildFile; fileRef = DB9EF159223F89D3004962CB /* AppResultsViewController.swift */; };
		DBB3E7A42240075100E6ED2D /* CollectionExtensions.swift in Sources */ = {isa = PBXBuildFile; fileRef = DBB3E7A32240075100E6ED2D /* CollectionExtensions.swift */; };
		DBB3E7A622401AF700E6ED2D /* IntExtensions.swift in Sources */ = {isa = PBXBuildFile; fileRef = DBB3E7A522401AF700E6ED2D /* IntExtensions.swift */; };
		DBB3E7A822401DAD00E6ED2D /* DoubleExtensions.swift in Sources */ = {isa = PBXBuildFile; fileRef = DBB3E7A722401DAD00E6ED2D /* DoubleExtensions.swift */; };
		DBB3E7AA2240273300E6ED2D /* UIExtensions.swift in Sources */ = {isa = PBXBuildFile; fileRef = DBB3E7A92240273300E6ED2D /* UIExtensions.swift */; };
		DBB3E7AC2240C81300E6ED2D /* ResultTypeController.swift in Sources */ = {isa = PBXBuildFile; fileRef = DBB3E7AB2240C81300E6ED2D /* ResultTypeController.swift */; };
		DBB3E7AF2240D40A00E6ED2D /* SearchResultsViewController.swift in Sources */ = {isa = PBXBuildFile; fileRef = DBB3E7AE2240D40A00E6ED2D /* SearchResultsViewController.swift */; };
		F33860D58216106F6300750E /* Pods_appstoreSearchTests.framework in Frameworks */ = {isa = PBXBuildFile; fileRef = F142766CA3B8E7E86A55EC8F /* Pods_appstoreSearchTests.framework */; };
/* End PBXBuildFile section */

/* Begin PBXContainerItemProxy section */
		DB946D98223CF3590053DBE2 /* PBXContainerItemProxy */ = {
			isa = PBXContainerItemProxy;
			containerPortal = DB946D7B223CF3540053DBE2 /* Project object */;
			proxyType = 1;
			remoteGlobalIDString = DB946D82223CF3540053DBE2;
			remoteInfo = appstoreSearch;
		};
		DB946DA3223CF3590053DBE2 /* PBXContainerItemProxy */ = {
			isa = PBXContainerItemProxy;
			containerPortal = DB946D7B223CF3540053DBE2 /* Project object */;
			proxyType = 1;
			remoteGlobalIDString = DB946D82223CF3540053DBE2;
			remoteInfo = appstoreSearch;
		};
/* End PBXContainerItemProxy section */

/* Begin PBXFileReference section */
		0B0713A67D61217B307A6646 /* Pods-appstoreSearchTests.debug.xcconfig */ = {isa = PBXFileReference; includeInIndex = 1; lastKnownFileType = text.xcconfig; name = "Pods-appstoreSearchTests.debug.xcconfig"; path = "Target Support Files/Pods-appstoreSearchTests/Pods-appstoreSearchTests.debug.xcconfig"; sourceTree = "<group>"; };
		58322E05525817E6DDDC9101 /* Pods_appstoreSearchUITests.framework */ = {isa = PBXFileReference; explicitFileType = wrapper.framework; includeInIndex = 0; path = Pods_appstoreSearchUITests.framework; sourceTree = BUILT_PRODUCTS_DIR; };
		5F0A7B8806A6DF1C8303BAE7 /* Pods_appstoreSearch.framework */ = {isa = PBXFileReference; explicitFileType = wrapper.framework; includeInIndex = 0; path = Pods_appstoreSearch.framework; sourceTree = BUILT_PRODUCTS_DIR; };
		7DC5D538EA442FD48D3622DE /* Pods-appstoreSearchTests.release.xcconfig */ = {isa = PBXFileReference; includeInIndex = 1; lastKnownFileType = text.xcconfig; name = "Pods-appstoreSearchTests.release.xcconfig"; path = "Target Support Files/Pods-appstoreSearchTests/Pods-appstoreSearchTests.release.xcconfig"; sourceTree = "<group>"; };
		88540CA845F2131CBCF66FD2 /* Pods-appstoreSearch.debug.xcconfig */ = {isa = PBXFileReference; includeInIndex = 1; lastKnownFileType = text.xcconfig; name = "Pods-appstoreSearch.debug.xcconfig"; path = "Target Support Files/Pods-appstoreSearch/Pods-appstoreSearch.debug.xcconfig"; sourceTree = "<group>"; };
		CE16879D57A92DF7FD29EDAF /* Pods-appstoreSearchUITests.debug.xcconfig */ = {isa = PBXFileReference; includeInIndex = 1; lastKnownFileType = text.xcconfig; name = "Pods-appstoreSearchUITests.debug.xcconfig"; path = "Target Support Files/Pods-appstoreSearchUITests/Pods-appstoreSearchUITests.debug.xcconfig"; sourceTree = "<group>"; };
		DB5192C4224178C90014A0A5 /* AppDetailViewController.swift */ = {isa = PBXFileReference; lastKnownFileType = sourcecode.swift; path = AppDetailViewController.swift; sourceTree = "<group>"; };
		DB5192C72242609E0014A0A5 /* AppTitleCell.swift */ = {isa = PBXFileReference; lastKnownFileType = sourcecode.swift; path = AppTitleCell.swift; sourceTree = "<group>"; };
		DB5192C9224267DD0014A0A5 /* UIImageViewExtension.swift */ = {isa = PBXFileReference; lastKnownFileType = sourcecode.swift; path = UIImageViewExtension.swift; sourceTree = "<group>"; };
		DB72E2142243788100D54DA1 /* AppDetail.swift */ = {isa = PBXFileReference; lastKnownFileType = sourcecode.swift; path = AppDetail.swift; sourceTree = "<group>"; };
		DB72E21622437F8300D54DA1 /* DeveloperInfoCell.swift */ = {isa = PBXFileReference; lastKnownFileType = sourcecode.swift; path = DeveloperInfoCell.swift; sourceTree = "<group>"; };
		DB72E21922437FCB00D54DA1 /* ScreenShotImageCell.swift */ = {isa = PBXFileReference; lastKnownFileType = sourcecode.swift; path = ScreenShotImageCell.swift; sourceTree = "<group>"; };
		DB72E21B224383DC00D54DA1 /* AppInfoTitleCell.swift */ = {isa = PBXFileReference; lastKnownFileType = sourcecode.swift; path = AppInfoTitleCell.swift; sourceTree = "<group>"; };
		DB72E21D224383F200D54DA1 /* AppInfoCell.swift */ = {isa = PBXFileReference; lastKnownFileType = sourcecode.swift; path = AppInfoCell.swift; sourceTree = "<group>"; };
		DB72E21F2243DE7F00D54DA1 /* AppDetailCellFactory.swift */ = {isa = PBXFileReference; lastKnownFileType = sourcecode.swift; path = AppDetailCellFactory.swift; sourceTree = "<group>"; };
		DB7A78B82242AC29003589C3 /* AppRatingCell.swift */ = {isa = PBXFileReference; lastKnownFileType = sourcecode.swift; path = AppRatingCell.swift; sourceTree = "<group>"; };
		DB7A78BA2242CA32003589C3 /* NewFeatureCell.swift */ = {isa = PBXFileReference; lastKnownFileType = sourcecode.swift; path = NewFeatureCell.swift; sourceTree = "<group>"; };
		DB7A78BC2242CB20003589C3 /* ScreenShotCell.swift */ = {isa = PBXFileReference; lastKnownFileType = sourcecode.swift; path = ScreenShotCell.swift; sourceTree = "<group>"; };
		DB7A78BE2242CBC7003589C3 /* ScreenShotDeivceCell.swift */ = {isa = PBXFileReference; lastKnownFileType = sourcecode.swift; path = ScreenShotDeivceCell.swift; sourceTree = "<group>"; };
		DB7A78C02242CC95003589C3 /* AppDescriptionCell.swift */ = {isa = PBXFileReference; lastKnownFileType = sourcecode.swift; path = AppDescriptionCell.swift; sourceTree = "<group>"; };
		DB8B6BF6223D025900BDDB18 /* SerachResult.swift */ = {isa = PBXFileReference; lastKnownFileType = sourcecode.swift; path = SerachResult.swift; sourceTree = "<group>"; };
		DB8B6BF8223D4C2C00BDDB18 /* APIError.swift */ = {isa = PBXFileReference; lastKnownFileType = sourcecode.swift; path = APIError.swift; sourceTree = "<group>"; };
		DB8B6BFC223D4DC900BDDB18 /* Logger.swift */ = {isa = PBXFileReference; fileEncoding = 4; lastKnownFileType = sourcecode.swift; path = Logger.swift; sourceTree = "<group>"; };
		DB8B6BFF223D4E4200BDDB18 /* API.swift */ = {isa = PBXFileReference; lastKnownFileType = sourcecode.swift; path = API.swift; sourceTree = "<group>"; };
		DB8B6C01223E690000BDDB18 /* SearchHistory.swift */ = {isa = PBXFileReference; lastKnownFileType = sourcecode.swift; path = SearchHistory.swift; sourceTree = "<group>"; };
		DB8B6C04223E72C400BDDB18 /* HistoryCell.swift */ = {isa = PBXFileReference; lastKnownFileType = sourcecode.swift; path = HistoryCell.swift; sourceTree = "<group>"; };
		DB8B6C08223E7DB900BDDB18 /* StringExtensions.swift */ = {isa = PBXFileReference; lastKnownFileType = sourcecode.swift; path = StringExtensions.swift; sourceTree = "<group>"; };
		DB8B6C0B223E97E600BDDB18 /* RelatedKeywordsViewController.swift */ = {isa = PBXFileReference; lastKnownFileType = sourcecode.swift; path = RelatedKeywordsViewController.swift; sourceTree = "<group>"; };
		DB8B6C0D223E9AFB00BDDB18 /* RelatedResultCell.swift */ = {isa = PBXFileReference; lastKnownFileType = sourcecode.swift; path = RelatedResultCell.swift; sourceTree = "<group>"; };
		DB946D83223CF3540053DBE2 /* appstoreSearch.app */ = {isa = PBXFileReference; explicitFileType = wrapper.application; includeInIndex = 0; path = appstoreSearch.app; sourceTree = BUILT_PRODUCTS_DIR; };
		DB946D86223CF3540053DBE2 /* AppDelegate.swift */ = {isa = PBXFileReference; lastKnownFileType = sourcecode.swift; path = AppDelegate.swift; sourceTree = "<group>"; };
		DB946D88223CF3540053DBE2 /* SearchViewController.swift */ = {isa = PBXFileReference; lastKnownFileType = sourcecode.swift; path = SearchViewController.swift; sourceTree = "<group>"; };
		DB946D8B223CF3540053DBE2 /* Base */ = {isa = PBXFileReference; lastKnownFileType = file.storyboard; name = Base; path = Base.lproj/Main.storyboard; sourceTree = "<group>"; };
		DB946D8D223CF3590053DBE2 /* Assets.xcassets */ = {isa = PBXFileReference; lastKnownFileType = folder.assetcatalog; path = Assets.xcassets; sourceTree = "<group>"; };
		DB946D90223CF3590053DBE2 /* Base */ = {isa = PBXFileReference; lastKnownFileType = file.storyboard; name = Base; path = Base.lproj/LaunchScreen.storyboard; sourceTree = "<group>"; };
		DB946D92223CF3590053DBE2 /* Info.plist */ = {isa = PBXFileReference; lastKnownFileType = text.plist.xml; path = Info.plist; sourceTree = "<group>"; };
		DB946D97223CF3590053DBE2 /* appstoreSearchTests.xctest */ = {isa = PBXFileReference; explicitFileType = wrapper.cfbundle; includeInIndex = 0; path = appstoreSearchTests.xctest; sourceTree = BUILT_PRODUCTS_DIR; };
		DB946D9B223CF3590053DBE2 /* appstoreSearchTests.swift */ = {isa = PBXFileReference; lastKnownFileType = sourcecode.swift; path = appstoreSearchTests.swift; sourceTree = "<group>"; };
		DB946D9D223CF3590053DBE2 /* Info.plist */ = {isa = PBXFileReference; lastKnownFileType = text.plist.xml; path = Info.plist; sourceTree = "<group>"; };
		DB946DA2223CF3590053DBE2 /* appstoreSearchUITests.xctest */ = {isa = PBXFileReference; explicitFileType = wrapper.cfbundle; includeInIndex = 0; path = appstoreSearchUITests.xctest; sourceTree = BUILT_PRODUCTS_DIR; };
		DB946DA6223CF3590053DBE2 /* appstoreSearchUITests.swift */ = {isa = PBXFileReference; lastKnownFileType = sourcecode.swift; path = appstoreSearchUITests.swift; sourceTree = "<group>"; };
		DB946DA8223CF3590053DBE2 /* Info.plist */ = {isa = PBXFileReference; lastKnownFileType = text.plist.xml; path = Info.plist; sourceTree = "<group>"; };
		DB946DB4223CF51D0053DBE2 /* appstoreSearch.entitlements */ = {isa = PBXFileReference; lastKnownFileType = text.plist.entitlements; path = appstoreSearch.entitlements; sourceTree = "<group>"; };
		DB9EF157223F895A004962CB /* SearchResultCell.swift */ = {isa = PBXFileReference; lastKnownFileType = sourcecode.swift; path = SearchResultCell.swift; sourceTree = "<group>"; };
		DB9EF159223F89D3004962CB /* AppResultsViewController.swift */ = {isa = PBXFileReference; lastKnownFileType = sourcecode.swift; path = AppResultsViewController.swift; sourceTree = "<group>"; };
		DBB3E7A32240075100E6ED2D /* CollectionExtensions.swift */ = {isa = PBXFileReference; lastKnownFileType = sourcecode.swift; path = CollectionExtensions.swift; sourceTree = "<group>"; };
		DBB3E7A522401AF700E6ED2D /* IntExtensions.swift */ = {isa = PBXFileReference; lastKnownFileType = sourcecode.swift; path = IntExtensions.swift; sourceTree = "<group>"; };
		DBB3E7A722401DAD00E6ED2D /* DoubleExtensions.swift */ = {isa = PBXFileReference; lastKnownFileType = sourcecode.swift; path = DoubleExtensions.swift; sourceTree = "<group>"; };
		DBB3E7A92240273300E6ED2D /* UIExtensions.swift */ = {isa = PBXFileReference; lastKnownFileType = sourcecode.swift; path = UIExtensions.swift; sourceTree = "<group>"; };
		DBB3E7AB2240C81300E6ED2D /* ResultTypeController.swift */ = {isa = PBXFileReference; lastKnownFileType = sourcecode.swift; path = ResultTypeController.swift; sourceTree = "<group>"; };
		DBB3E7AE2240D40A00E6ED2D /* SearchResultsViewController.swift */ = {isa = PBXFileReference; lastKnownFileType = sourcecode.swift; path = SearchResultsViewController.swift; sourceTree = "<group>"; };
		DEB9159E0F2D38C47CF06289 /* Pods-appstoreSearchUITests.release.xcconfig */ = {isa = PBXFileReference; includeInIndex = 1; lastKnownFileType = text.xcconfig; name = "Pods-appstoreSearchUITests.release.xcconfig"; path = "Target Support Files/Pods-appstoreSearchUITests/Pods-appstoreSearchUITests.release.xcconfig"; sourceTree = "<group>"; };
		F142766CA3B8E7E86A55EC8F /* Pods_appstoreSearchTests.framework */ = {isa = PBXFileReference; explicitFileType = wrapper.framework; includeInIndex = 0; path = Pods_appstoreSearchTests.framework; sourceTree = BUILT_PRODUCTS_DIR; };
		FDEC759BB4BEF8C7B4305896 /* Pods-appstoreSearch.release.xcconfig */ = {isa = PBXFileReference; includeInIndex = 1; lastKnownFileType = text.xcconfig; name = "Pods-appstoreSearch.release.xcconfig"; path = "Target Support Files/Pods-appstoreSearch/Pods-appstoreSearch.release.xcconfig"; sourceTree = "<group>"; };
/* End PBXFileReference section */

/* Begin PBXFrameworksBuildPhase section */
		DB946D80223CF3540053DBE2 /* Frameworks */ = {
			isa = PBXFrameworksBuildPhase;
			buildActionMask = 2147483647;
			files = (
				2359FF09C849BCF346599EAC /* Pods_appstoreSearch.framework in Frameworks */,
			);
			runOnlyForDeploymentPostprocessing = 0;
		};
		DB946D94223CF3590053DBE2 /* Frameworks */ = {
			isa = PBXFrameworksBuildPhase;
			buildActionMask = 2147483647;
			files = (
				F33860D58216106F6300750E /* Pods_appstoreSearchTests.framework in Frameworks */,
			);
			runOnlyForDeploymentPostprocessing = 0;
		};
		DB946D9F223CF3590053DBE2 /* Frameworks */ = {
			isa = PBXFrameworksBuildPhase;
			buildActionMask = 2147483647;
			files = (
				C5D6338D5DAE16E61587B30A /* Pods_appstoreSearchUITests.framework in Frameworks */,
			);
			runOnlyForDeploymentPostprocessing = 0;
		};
/* End PBXFrameworksBuildPhase section */

/* Begin PBXGroup section */
		9CECCFDAFD31095B938405EA /* Pods */ = {
			isa = PBXGroup;
			children = (
				88540CA845F2131CBCF66FD2 /* Pods-appstoreSearch.debug.xcconfig */,
				FDEC759BB4BEF8C7B4305896 /* Pods-appstoreSearch.release.xcconfig */,
				0B0713A67D61217B307A6646 /* Pods-appstoreSearchTests.debug.xcconfig */,
				7DC5D538EA442FD48D3622DE /* Pods-appstoreSearchTests.release.xcconfig */,
				CE16879D57A92DF7FD29EDAF /* Pods-appstoreSearchUITests.debug.xcconfig */,
				DEB9159E0F2D38C47CF06289 /* Pods-appstoreSearchUITests.release.xcconfig */,
			);
			path = Pods;
			sourceTree = "<group>";
		};
		DB5192C6224260680014A0A5 /* AppDetail */ = {
			isa = PBXGroup;
			children = (
				DB72E2142243788100D54DA1 /* AppDetail.swift */,
				DB72E21F2243DE7F00D54DA1 /* AppDetailCellFactory.swift */,
				DB5192C72242609E0014A0A5 /* AppTitleCell.swift */,
				DB7A78B82242AC29003589C3 /* AppRatingCell.swift */,
				DB7A78BA2242CA32003589C3 /* NewFeatureCell.swift */,
				DB72E21822437F8D00D54DA1 /* screenShotCell */,
				DB7A78BE2242CBC7003589C3 /* ScreenShotDeivceCell.swift */,
				DB7A78C02242CC95003589C3 /* AppDescriptionCell.swift */,
				DB72E21622437F8300D54DA1 /* DeveloperInfoCell.swift */,
				DB72E21B224383DC00D54DA1 /* AppInfoTitleCell.swift */,
				DB72E21D224383F200D54DA1 /* AppInfoCell.swift */,
			);
			path = AppDetail;
			sourceTree = "<group>";
		};
		DB72E21822437F8D00D54DA1 /* screenShotCell */ = {
			isa = PBXGroup;
			children = (
				DB72E21922437FCB00D54DA1 /* ScreenShotImageCell.swift */,
				DB7A78BC2242CB20003589C3 /* ScreenShotCell.swift */,
			);
			path = screenShotCell;
			sourceTree = "<group>";
		};
		DB8B6BF5223D024000BDDB18 /* Model */ = {
			isa = PBXGroup;
			children = (
				DB8B6BF6223D025900BDDB18 /* SerachResult.swift */,
				DB8B6C01223E690000BDDB18 /* SearchHistory.swift */,
			);
			path = Model;
			sourceTree = "<group>";
		};
		DB8B6BFA223D4D8100BDDB18 /* Error */ = {
			isa = PBXGroup;
			children = (
				DB8B6BF8223D4C2C00BDDB18 /* APIError.swift */,
			);
			path = Error;
			sourceTree = "<group>";
		};
		DB8B6BFB223D4DC900BDDB18 /* Logger */ = {
			isa = PBXGroup;
			children = (
				DB8B6BFC223D4DC900BDDB18 /* Logger.swift */,
			);
			path = Logger;
			sourceTree = "<group>";
		};
		DB8B6BFE223D4DF800BDDB18 /* Network */ = {
			isa = PBXGroup;
			children = (
				DB8B6BFF223D4E4200BDDB18 /* API.swift */,
			);
			path = Network;
			sourceTree = "<group>";
		};
		DB8B6C03223E727200BDDB18 /* Cell */ = {
			isa = PBXGroup;
			children = (
				DB8B6C04223E72C400BDDB18 /* HistoryCell.swift */,
				DB8B6C0D223E9AFB00BDDB18 /* RelatedResultCell.swift */,
				DB9EF157223F895A004962CB /* SearchResultCell.swift */,
				DB5192C6224260680014A0A5 /* AppDetail */,
			);
			path = Cell;
			sourceTree = "<group>";
		};
		DB8B6C06223E7C5E00BDDB18 /* ViewController */ = {
			isa = PBXGroup;
			children = (
				DBB3E7B02240D45600E6ED2D /* SearchResults */,
				DB946D88223CF3540053DBE2 /* SearchViewController.swift */,
				DBB3E7AE2240D40A00E6ED2D /* SearchResultsViewController.swift */,
				DB5192C4224178C90014A0A5 /* AppDetailViewController.swift */,
			);
			path = ViewController;
			sourceTree = "<group>";
		};
		DB8B6C07223E7D9A00BDDB18 /* Extension */ = {
			isa = PBXGroup;
			children = (
				DB8B6C08223E7DB900BDDB18 /* StringExtensions.swift */,
				DBB3E7A32240075100E6ED2D /* CollectionExtensions.swift */,
				DBB3E7A522401AF700E6ED2D /* IntExtensions.swift */,
				DBB3E7A722401DAD00E6ED2D /* DoubleExtensions.swift */,
				DBB3E7A92240273300E6ED2D /* UIExtensions.swift */,
				DB5192C9224267DD0014A0A5 /* UIImageViewExtension.swift */,
			);
			path = Extension;
			sourceTree = "<group>";
		};
		DB946D7A223CF3540053DBE2 = {
			isa = PBXGroup;
			children = (
				DB946D85223CF3540053DBE2 /* appstoreSearch */,
				DB946D9A223CF3590053DBE2 /* appstoreSearchTests */,
				DB946DA5223CF3590053DBE2 /* appstoreSearchUITests */,
				DB946D84223CF3540053DBE2 /* Products */,
				9CECCFDAFD31095B938405EA /* Pods */,
				EF779C220BDB51E3C5EE02E9 /* Frameworks */,
			);
			sourceTree = "<group>";
		};
		DB946D84223CF3540053DBE2 /* Products */ = {
			isa = PBXGroup;
			children = (
				DB946D83223CF3540053DBE2 /* appstoreSearch.app */,
				DB946D97223CF3590053DBE2 /* appstoreSearchTests.xctest */,
				DB946DA2223CF3590053DBE2 /* appstoreSearchUITests.xctest */,
			);
			name = Products;
			sourceTree = "<group>";
		};
		DB946D85223CF3540053DBE2 /* appstoreSearch */ = {
			isa = PBXGroup;
			children = (
				DB8B6C07223E7D9A00BDDB18 /* Extension */,
				DB8B6BFB223D4DC900BDDB18 /* Logger */,
				DB8B6BFA223D4D8100BDDB18 /* Error */,
				DB8B6BF5223D024000BDDB18 /* Model */,
				DB8B6BFE223D4DF800BDDB18 /* Network */,
				DB8B6C03223E727200BDDB18 /* Cell */,
				DB8B6C06223E7C5E00BDDB18 /* ViewController */,
				DB946D86223CF3540053DBE2 /* AppDelegate.swift */,
				DB946D8A223CF3540053DBE2 /* Main.storyboard */,
				DB946D8D223CF3590053DBE2 /* Assets.xcassets */,
				DB946DB4223CF51D0053DBE2 /* appstoreSearch.entitlements */,
				DB946D8F223CF3590053DBE2 /* LaunchScreen.storyboard */,
				DB946D92223CF3590053DBE2 /* Info.plist */,
			);
			path = appstoreSearch;
			sourceTree = "<group>";
		};
		DB946D9A223CF3590053DBE2 /* appstoreSearchTests */ = {
			isa = PBXGroup;
			children = (
				DB946D9B223CF3590053DBE2 /* appstoreSearchTests.swift */,
				DB946D9D223CF3590053DBE2 /* Info.plist */,
			);
			path = appstoreSearchTests;
			sourceTree = "<group>";
		};
		DB946DA5223CF3590053DBE2 /* appstoreSearchUITests */ = {
			isa = PBXGroup;
			children = (
				DB946DA6223CF3590053DBE2 /* appstoreSearchUITests.swift */,
				DB946DA8223CF3590053DBE2 /* Info.plist */,
			);
			path = appstoreSearchUITests;
			sourceTree = "<group>";
		};
		DBB3E7B02240D45600E6ED2D /* SearchResults */ = {
			isa = PBXGroup;
			children = (
				DBB3E7AB2240C81300E6ED2D /* ResultTypeController.swift */,
				DB8B6C0B223E97E600BDDB18 /* RelatedKeywordsViewController.swift */,
				DB9EF159223F89D3004962CB /* AppResultsViewController.swift */,
			);
			path = SearchResults;
			sourceTree = "<group>";
		};
		EF779C220BDB51E3C5EE02E9 /* Frameworks */ = {
			isa = PBXGroup;
			children = (
				5F0A7B8806A6DF1C8303BAE7 /* Pods_appstoreSearch.framework */,
				F142766CA3B8E7E86A55EC8F /* Pods_appstoreSearchTests.framework */,
				58322E05525817E6DDDC9101 /* Pods_appstoreSearchUITests.framework */,
			);
			name = Frameworks;
			sourceTree = "<group>";
		};
/* End PBXGroup section */

/* Begin PBXNativeTarget section */
		DB946D82223CF3540053DBE2 /* appstoreSearch */ = {
			isa = PBXNativeTarget;
			buildConfigurationList = DB946DAB223CF3590053DBE2 /* Build configuration list for PBXNativeTarget "appstoreSearch" */;
			buildPhases = (
				8411C34EA20B3D541C1C8A2B /* [CP] Check Pods Manifest.lock */,
				DB946D7F223CF3540053DBE2 /* Sources */,
				DB946D80223CF3540053DBE2 /* Frameworks */,
				DB946D81223CF3540053DBE2 /* Resources */,
				AD193A40E4F96704FBC7ACEF /* [CP] Embed Pods Frameworks */,
			);
			buildRules = (
			);
			dependencies = (
			);
			name = appstoreSearch;
			productName = appstoreSearch;
			productReference = DB946D83223CF3540053DBE2 /* appstoreSearch.app */;
			productType = "com.apple.product-type.application";
		};
		DB946D96223CF3590053DBE2 /* appstoreSearchTests */ = {
			isa = PBXNativeTarget;
			buildConfigurationList = DB946DAE223CF3590053DBE2 /* Build configuration list for PBXNativeTarget "appstoreSearchTests" */;
			buildPhases = (
				789AB4768BC0F42FF560E0EE /* [CP] Check Pods Manifest.lock */,
				DB946D93223CF3590053DBE2 /* Sources */,
				DB946D94223CF3590053DBE2 /* Frameworks */,
				DB946D95223CF3590053DBE2 /* Resources */,
			);
			buildRules = (
			);
			dependencies = (
				DB946D99223CF3590053DBE2 /* PBXTargetDependency */,
			);
			name = appstoreSearchTests;
			productName = appstoreSearchTests;
			productReference = DB946D97223CF3590053DBE2 /* appstoreSearchTests.xctest */;
			productType = "com.apple.product-type.bundle.unit-test";
		};
		DB946DA1223CF3590053DBE2 /* appstoreSearchUITests */ = {
			isa = PBXNativeTarget;
			buildConfigurationList = DB946DB1223CF3590053DBE2 /* Build configuration list for PBXNativeTarget "appstoreSearchUITests" */;
			buildPhases = (
				ABAA67C44C6C1F7519F3903D /* [CP] Check Pods Manifest.lock */,
				DB946D9E223CF3590053DBE2 /* Sources */,
				DB946D9F223CF3590053DBE2 /* Frameworks */,
				DB946DA0223CF3590053DBE2 /* Resources */,
			);
			buildRules = (
			);
			dependencies = (
				DB946DA4223CF3590053DBE2 /* PBXTargetDependency */,
			);
			name = appstoreSearchUITests;
			productName = appstoreSearchUITests;
			productReference = DB946DA2223CF3590053DBE2 /* appstoreSearchUITests.xctest */;
			productType = "com.apple.product-type.bundle.ui-testing";
		};
/* End PBXNativeTarget section */

/* Begin PBXProject section */
		DB946D7B223CF3540053DBE2 /* Project object */ = {
			isa = PBXProject;
			attributes = {
				LastSwiftUpdateCheck = 1010;
				LastUpgradeCheck = 1010;
				ORGANIZATIONNAME = Elon;
				TargetAttributes = {
					DB946D82223CF3540053DBE2 = {
						CreatedOnToolsVersion = 10.1;
						SystemCapabilities = {
							com.apple.BackgroundModes = {
								enabled = 0;
							};
							com.apple.Keychain = {
								enabled = 0;
							};
						};
					};
					DB946D96223CF3590053DBE2 = {
						CreatedOnToolsVersion = 10.1;
						TestTargetID = DB946D82223CF3540053DBE2;
					};
					DB946DA1223CF3590053DBE2 = {
						CreatedOnToolsVersion = 10.1;
						TestTargetID = DB946D82223CF3540053DBE2;
					};
				};
			};
			buildConfigurationList = DB946D7E223CF3540053DBE2 /* Build configuration list for PBXProject "appstoreSearch" */;
			compatibilityVersion = "Xcode 9.3";
			developmentRegion = en;
			hasScannedForEncodings = 0;
			knownRegions = (
				en,
				Base,
			);
			mainGroup = DB946D7A223CF3540053DBE2;
			productRefGroup = DB946D84223CF3540053DBE2 /* Products */;
			projectDirPath = "";
			projectRoot = "";
			targets = (
				DB946D82223CF3540053DBE2 /* appstoreSearch */,
				DB946D96223CF3590053DBE2 /* appstoreSearchTests */,
				DB946DA1223CF3590053DBE2 /* appstoreSearchUITests */,
			);
		};
/* End PBXProject section */

/* Begin PBXResourcesBuildPhase section */
		DB946D81223CF3540053DBE2 /* Resources */ = {
			isa = PBXResourcesBuildPhase;
			buildActionMask = 2147483647;
			files = (
				DB946D91223CF3590053DBE2 /* LaunchScreen.storyboard in Resources */,
				DB946D8E223CF3590053DBE2 /* Assets.xcassets in Resources */,
				DB946D8C223CF3540053DBE2 /* Main.storyboard in Resources */,
			);
			runOnlyForDeploymentPostprocessing = 0;
		};
		DB946D95223CF3590053DBE2 /* Resources */ = {
			isa = PBXResourcesBuildPhase;
			buildActionMask = 2147483647;
			files = (
			);
			runOnlyForDeploymentPostprocessing = 0;
		};
		DB946DA0223CF3590053DBE2 /* Resources */ = {
			isa = PBXResourcesBuildPhase;
			buildActionMask = 2147483647;
			files = (
			);
			runOnlyForDeploymentPostprocessing = 0;
		};
/* End PBXResourcesBuildPhase section */

/* Begin PBXShellScriptBuildPhase section */
		789AB4768BC0F42FF560E0EE /* [CP] Check Pods Manifest.lock */ = {
			isa = PBXShellScriptBuildPhase;
			buildActionMask = 2147483647;
			files = (
			);
			inputFileListPaths = (
			);
			inputPaths = (
				"${PODS_PODFILE_DIR_PATH}/Podfile.lock",
				"${PODS_ROOT}/Manifest.lock",
			);
			name = "[CP] Check Pods Manifest.lock";
			outputFileListPaths = (
			);
			outputPaths = (
				"$(DERIVED_FILE_DIR)/Pods-appstoreSearchTests-checkManifestLockResult.txt",
			);
			runOnlyForDeploymentPostprocessing = 0;
			shellPath = /bin/sh;
			shellScript = "diff \"${PODS_PODFILE_DIR_PATH}/Podfile.lock\" \"${PODS_ROOT}/Manifest.lock\" > /dev/null\nif [ $? != 0 ] ; then\n    # print error to STDERR\n    echo \"error: The sandbox is not in sync with the Podfile.lock. Run 'pod install' or update your CocoaPods installation.\" >&2\n    exit 1\nfi\n# This output is used by Xcode 'outputs' to avoid re-running this script phase.\necho \"SUCCESS\" > \"${SCRIPT_OUTPUT_FILE_0}\"\n";
			showEnvVarsInLog = 0;
		};
		8411C34EA20B3D541C1C8A2B /* [CP] Check Pods Manifest.lock */ = {
			isa = PBXShellScriptBuildPhase;
			buildActionMask = 2147483647;
			files = (
			);
			inputFileListPaths = (
			);
			inputPaths = (
				"${PODS_PODFILE_DIR_PATH}/Podfile.lock",
				"${PODS_ROOT}/Manifest.lock",
			);
			name = "[CP] Check Pods Manifest.lock";
			outputFileListPaths = (
			);
			outputPaths = (
				"$(DERIVED_FILE_DIR)/Pods-appstoreSearch-checkManifestLockResult.txt",
			);
			runOnlyForDeploymentPostprocessing = 0;
			shellPath = /bin/sh;
			shellScript = "diff \"${PODS_PODFILE_DIR_PATH}/Podfile.lock\" \"${PODS_ROOT}/Manifest.lock\" > /dev/null\nif [ $? != 0 ] ; then\n    # print error to STDERR\n    echo \"error: The sandbox is not in sync with the Podfile.lock. Run 'pod install' or update your CocoaPods installation.\" >&2\n    exit 1\nfi\n# This output is used by Xcode 'outputs' to avoid re-running this script phase.\necho \"SUCCESS\" > \"${SCRIPT_OUTPUT_FILE_0}\"\n";
			showEnvVarsInLog = 0;
		};
		ABAA67C44C6C1F7519F3903D /* [CP] Check Pods Manifest.lock */ = {
			isa = PBXShellScriptBuildPhase;
			buildActionMask = 2147483647;
			files = (
			);
			inputFileListPaths = (
			);
			inputPaths = (
				"${PODS_PODFILE_DIR_PATH}/Podfile.lock",
				"${PODS_ROOT}/Manifest.lock",
			);
			name = "[CP] Check Pods Manifest.lock";
			outputFileListPaths = (
			);
			outputPaths = (
				"$(DERIVED_FILE_DIR)/Pods-appstoreSearchUITests-checkManifestLockResult.txt",
			);
			runOnlyForDeploymentPostprocessing = 0;
			shellPath = /bin/sh;
			shellScript = "diff \"${PODS_PODFILE_DIR_PATH}/Podfile.lock\" \"${PODS_ROOT}/Manifest.lock\" > /dev/null\nif [ $? != 0 ] ; then\n    # print error to STDERR\n    echo \"error: The sandbox is not in sync with the Podfile.lock. Run 'pod install' or update your CocoaPods installation.\" >&2\n    exit 1\nfi\n# This output is used by Xcode 'outputs' to avoid re-running this script phase.\necho \"SUCCESS\" > \"${SCRIPT_OUTPUT_FILE_0}\"\n";
			showEnvVarsInLog = 0;
		};
		AD193A40E4F96704FBC7ACEF /* [CP] Embed Pods Frameworks */ = {
			isa = PBXShellScriptBuildPhase;
			buildActionMask = 2147483647;
			files = (
			);
			inputFileListPaths = (
			);
			inputPaths = (
				"${PODS_ROOT}/Target Support Files/Pods-appstoreSearch/Pods-appstoreSearch-frameworks.sh",
				"${BUILT_PRODUCTS_DIR}/Cosmos/Cosmos.framework",
				"${BUILT_PRODUCTS_DIR}/RxAtomic/RxAtomic.framework",
				"${BUILT_PRODUCTS_DIR}/RxCocoa/RxCocoa.framework",
				"${BUILT_PRODUCTS_DIR}/RxSwift/RxSwift.framework",
			);
			name = "[CP] Embed Pods Frameworks";
			outputFileListPaths = (
			);
			outputPaths = (
				"${TARGET_BUILD_DIR}/${FRAMEWORKS_FOLDER_PATH}/Cosmos.framework",
				"${TARGET_BUILD_DIR}/${FRAMEWORKS_FOLDER_PATH}/RxAtomic.framework",
				"${TARGET_BUILD_DIR}/${FRAMEWORKS_FOLDER_PATH}/RxCocoa.framework",
				"${TARGET_BUILD_DIR}/${FRAMEWORKS_FOLDER_PATH}/RxSwift.framework",
			);
			runOnlyForDeploymentPostprocessing = 0;
			shellPath = /bin/sh;
			shellScript = "\"${PODS_ROOT}/Target Support Files/Pods-appstoreSearch/Pods-appstoreSearch-frameworks.sh\"\n";
			showEnvVarsInLog = 0;
		};
/* End PBXShellScriptBuildPhase section */

/* Begin PBXSourcesBuildPhase section */
		DB946D7F223CF3540053DBE2 /* Sources */ = {
			isa = PBXSourcesBuildPhase;
			buildActionMask = 2147483647;
			files = (
				DBB3E7A622401AF700E6ED2D /* IntExtensions.swift in Sources */,
				DB7A78BF2242CBC7003589C3 /* ScreenShotDeivceCell.swift in Sources */,
				DB8B6BFD223D4DC900BDDB18 /* Logger.swift in Sources */,
				DB5192C82242609E0014A0A5 /* AppTitleCell.swift in Sources */,
				DBB3E7AF2240D40A00E6ED2D /* SearchResultsViewController.swift in Sources */,
				DBB3E7AC2240C81300E6ED2D /* ResultTypeController.swift in Sources */,
				DB8B6C0E223E9AFB00BDDB18 /* RelatedResultCell.swift in Sources */,
				DB72E2202243DE7F00D54DA1 /* AppDetailCellFactory.swift in Sources */,
				DB5192CA224267DD0014A0A5 /* UIImageViewExtension.swift in Sources */,
				DB946D89223CF3540053DBE2 /* SearchViewController.swift in Sources */,
				DB7A78BD2242CB20003589C3 /* ScreenShotCell.swift in Sources */,
				DB72E21722437F8300D54DA1 /* DeveloperInfoCell.swift in Sources */,
				DB8B6C00223D4E4200BDDB18 /* API.swift in Sources */,
				DB8B6C09223E7DB900BDDB18 /* StringExtensions.swift in Sources */,
				DB8B6C02223E690000BDDB18 /* SearchHistory.swift in Sources */,
				DB8B6C0C223E97E600BDDB18 /* RelatedKeywordsViewController.swift in Sources */,
				DB8B6BF9223D4C2C00BDDB18 /* APIError.swift in Sources */,
				DB7A78BB2242CA32003589C3 /* NewFeatureCell.swift in Sources */,
				DB72E21A22437FCB00D54DA1 /* ScreenShotImageCell.swift in Sources */,
				DB7A78B92242AC29003589C3 /* AppRatingCell.swift in Sources */,
				DB5192C5224178C90014A0A5 /* AppDetailViewController.swift in Sources */,
				DB8B6BF7223D025900BDDB18 /* SerachResult.swift in Sources */,
				DBB3E7A42240075100E6ED2D /* CollectionExtensions.swift in Sources */,
				DB72E2152243788100D54DA1 /* AppDetail.swift in Sources */,
				DB7A78C12242CC95003589C3 /* AppDescriptionCell.swift in Sources */,
				DB8B6C05223E72C400BDDB18 /* HistoryCell.swift in Sources */,
				DB72E21E224383F200D54DA1 /* AppInfoCell.swift in Sources */,
				DBB3E7A822401DAD00E6ED2D /* DoubleExtensions.swift in Sources */,
				DB9EF158223F895A004962CB /* SearchResultCell.swift in Sources */,
				DBB3E7AA2240273300E6ED2D /* UIExtensions.swift in Sources */,
				DB9EF15A223F89D3004962CB /* AppResultsViewController.swift in Sources */,
				DB72E21C224383DC00D54DA1 /* AppInfoTitleCell.swift in Sources */,
				DB946D87223CF3540053DBE2 /* AppDelegate.swift in Sources */,
			);
			runOnlyForDeploymentPostprocessing = 0;
		};
		DB946D93223CF3590053DBE2 /* Sources */ = {
			isa = PBXSourcesBuildPhase;
			buildActionMask = 2147483647;
			files = (
				DB946D9C223CF3590053DBE2 /* appstoreSearchTests.swift in Sources */,
			);
			runOnlyForDeploymentPostprocessing = 0;
		};
		DB946D9E223CF3590053DBE2 /* Sources */ = {
			isa = PBXSourcesBuildPhase;
			buildActionMask = 2147483647;
			files = (
				DB946DA7223CF3590053DBE2 /* appstoreSearchUITests.swift in Sources */,
			);
			runOnlyForDeploymentPostprocessing = 0;
		};
/* End PBXSourcesBuildPhase section */

/* Begin PBXTargetDependency section */
		DB946D99223CF3590053DBE2 /* PBXTargetDependency */ = {
			isa = PBXTargetDependency;
			target = DB946D82223CF3540053DBE2 /* appstoreSearch */;
			targetProxy = DB946D98223CF3590053DBE2 /* PBXContainerItemProxy */;
		};
		DB946DA4223CF3590053DBE2 /* PBXTargetDependency */ = {
			isa = PBXTargetDependency;
			target = DB946D82223CF3540053DBE2 /* appstoreSearch */;
			targetProxy = DB946DA3223CF3590053DBE2 /* PBXContainerItemProxy */;
		};
/* End PBXTargetDependency section */

/* Begin PBXVariantGroup section */
		DB946D8A223CF3540053DBE2 /* Main.storyboard */ = {
			isa = PBXVariantGroup;
			children = (
				DB946D8B223CF3540053DBE2 /* Base */,
			);
			name = Main.storyboard;
			sourceTree = "<group>";
		};
		DB946D8F223CF3590053DBE2 /* LaunchScreen.storyboard */ = {
			isa = PBXVariantGroup;
			children = (
				DB946D90223CF3590053DBE2 /* Base */,
			);
			name = LaunchScreen.storyboard;
			sourceTree = "<group>";
		};
/* End PBXVariantGroup section */

/* Begin XCBuildConfiguration section */
		DB946DA9223CF3590053DBE2 /* Debug */ = {
			isa = XCBuildConfiguration;
			buildSettings = {
				ALWAYS_SEARCH_USER_PATHS = NO;
				CLANG_ANALYZER_NONNULL = YES;
				CLANG_ANALYZER_NUMBER_OBJECT_CONVERSION = YES_AGGRESSIVE;
				CLANG_CXX_LANGUAGE_STANDARD = "gnu++14";
				CLANG_CXX_LIBRARY = "libc++";
				CLANG_ENABLE_MODULES = YES;
				CLANG_ENABLE_OBJC_ARC = YES;
				CLANG_ENABLE_OBJC_WEAK = YES;
				CLANG_WARN_BLOCK_CAPTURE_AUTORELEASING = YES;
				CLANG_WARN_BOOL_CONVERSION = YES;
				CLANG_WARN_COMMA = YES;
				CLANG_WARN_CONSTANT_CONVERSION = YES;
				CLANG_WARN_DEPRECATED_OBJC_IMPLEMENTATIONS = YES;
				CLANG_WARN_DIRECT_OBJC_ISA_USAGE = YES_ERROR;
				CLANG_WARN_DOCUMENTATION_COMMENTS = YES;
				CLANG_WARN_EMPTY_BODY = YES;
				CLANG_WARN_ENUM_CONVERSION = YES;
				CLANG_WARN_INFINITE_RECURSION = YES;
				CLANG_WARN_INT_CONVERSION = YES;
				CLANG_WARN_NON_LITERAL_NULL_CONVERSION = YES;
				CLANG_WARN_OBJC_IMPLICIT_RETAIN_SELF = YES;
				CLANG_WARN_OBJC_LITERAL_CONVERSION = YES;
				CLANG_WARN_OBJC_ROOT_CLASS = YES_ERROR;
				CLANG_WARN_RANGE_LOOP_ANALYSIS = YES;
				CLANG_WARN_STRICT_PROTOTYPES = YES;
				CLANG_WARN_SUSPICIOUS_MOVE = YES;
				CLANG_WARN_UNGUARDED_AVAILABILITY = YES_AGGRESSIVE;
				CLANG_WARN_UNREACHABLE_CODE = YES;
				CLANG_WARN__DUPLICATE_METHOD_MATCH = YES;
				CODE_SIGN_IDENTITY = "iPhone Developer";
				COPY_PHASE_STRIP = NO;
				DEBUG_INFORMATION_FORMAT = dwarf;
				ENABLE_STRICT_OBJC_MSGSEND = YES;
				ENABLE_TESTABILITY = YES;
				GCC_C_LANGUAGE_STANDARD = gnu11;
				GCC_DYNAMIC_NO_PIC = NO;
				GCC_NO_COMMON_BLOCKS = YES;
				GCC_OPTIMIZATION_LEVEL = 0;
				GCC_PREPROCESSOR_DEFINITIONS = (
					"DEBUG=1",
					"$(inherited)",
				);
				GCC_WARN_64_TO_32_BIT_CONVERSION = YES;
				GCC_WARN_ABOUT_RETURN_TYPE = YES_ERROR;
				GCC_WARN_UNDECLARED_SELECTOR = YES;
				GCC_WARN_UNINITIALIZED_AUTOS = YES_AGGRESSIVE;
				GCC_WARN_UNUSED_FUNCTION = YES;
				GCC_WARN_UNUSED_VARIABLE = YES;
				IPHONEOS_DEPLOYMENT_TARGET = 12.1;
				MTL_ENABLE_DEBUG_INFO = INCLUDE_SOURCE;
				MTL_FAST_MATH = YES;
				ONLY_ACTIVE_ARCH = YES;
				SDKROOT = iphoneos;
				SWIFT_ACTIVE_COMPILATION_CONDITIONS = DEBUG;
				SWIFT_OPTIMIZATION_LEVEL = "-Onone";
			};
			name = Debug;
		};
		DB946DAA223CF3590053DBE2 /* Release */ = {
			isa = XCBuildConfiguration;
			buildSettings = {
				ALWAYS_SEARCH_USER_PATHS = NO;
				CLANG_ANALYZER_NONNULL = YES;
				CLANG_ANALYZER_NUMBER_OBJECT_CONVERSION = YES_AGGRESSIVE;
				CLANG_CXX_LANGUAGE_STANDARD = "gnu++14";
				CLANG_CXX_LIBRARY = "libc++";
				CLANG_ENABLE_MODULES = YES;
				CLANG_ENABLE_OBJC_ARC = YES;
				CLANG_ENABLE_OBJC_WEAK = YES;
				CLANG_WARN_BLOCK_CAPTURE_AUTORELEASING = YES;
				CLANG_WARN_BOOL_CONVERSION = YES;
				CLANG_WARN_COMMA = YES;
				CLANG_WARN_CONSTANT_CONVERSION = YES;
				CLANG_WARN_DEPRECATED_OBJC_IMPLEMENTATIONS = YES;
				CLANG_WARN_DIRECT_OBJC_ISA_USAGE = YES_ERROR;
				CLANG_WARN_DOCUMENTATION_COMMENTS = YES;
				CLANG_WARN_EMPTY_BODY = YES;
				CLANG_WARN_ENUM_CONVERSION = YES;
				CLANG_WARN_INFINITE_RECURSION = YES;
				CLANG_WARN_INT_CONVERSION = YES;
				CLANG_WARN_NON_LITERAL_NULL_CONVERSION = YES;
				CLANG_WARN_OBJC_IMPLICIT_RETAIN_SELF = YES;
				CLANG_WARN_OBJC_LITERAL_CONVERSION = YES;
				CLANG_WARN_OBJC_ROOT_CLASS = YES_ERROR;
				CLANG_WARN_RANGE_LOOP_ANALYSIS = YES;
				CLANG_WARN_STRICT_PROTOTYPES = YES;
				CLANG_WARN_SUSPICIOUS_MOVE = YES;
				CLANG_WARN_UNGUARDED_AVAILABILITY = YES_AGGRESSIVE;
				CLANG_WARN_UNREACHABLE_CODE = YES;
				CLANG_WARN__DUPLICATE_METHOD_MATCH = YES;
				CODE_SIGN_IDENTITY = "iPhone Developer";
				COPY_PHASE_STRIP = NO;
				DEBUG_INFORMATION_FORMAT = "dwarf-with-dsym";
				ENABLE_NS_ASSERTIONS = NO;
				ENABLE_STRICT_OBJC_MSGSEND = YES;
				GCC_C_LANGUAGE_STANDARD = gnu11;
				GCC_NO_COMMON_BLOCKS = YES;
				GCC_WARN_64_TO_32_BIT_CONVERSION = YES;
				GCC_WARN_ABOUT_RETURN_TYPE = YES_ERROR;
				GCC_WARN_UNDECLARED_SELECTOR = YES;
				GCC_WARN_UNINITIALIZED_AUTOS = YES_AGGRESSIVE;
				GCC_WARN_UNUSED_FUNCTION = YES;
				GCC_WARN_UNUSED_VARIABLE = YES;
				IPHONEOS_DEPLOYMENT_TARGET = 12.1;
				MTL_ENABLE_DEBUG_INFO = NO;
				MTL_FAST_MATH = YES;
				SDKROOT = iphoneos;
				SWIFT_COMPILATION_MODE = wholemodule;
				SWIFT_OPTIMIZATION_LEVEL = "-O";
				VALIDATE_PRODUCT = YES;
			};
			name = Release;
		};
		DB946DAC223CF3590053DBE2 /* Debug */ = {
			isa = XCBuildConfiguration;
			baseConfigurationReference = 88540CA845F2131CBCF66FD2 /* Pods-appstoreSearch.debug.xcconfig */;
			buildSettings = {
				ASSETCATALOG_COMPILER_APPICON_NAME = AppIcon;
				CODE_SIGN_STYLE = Automatic;
				DEVELOPMENT_TEAM = M77W68G9P5;
				INFOPLIST_FILE = appstoreSearch/Info.plist;
				IPHONEOS_DEPLOYMENT_TARGET = 11.0;
				LD_RUNPATH_SEARCH_PATHS = (
					"$(inherited)",
					"@executable_path/Frameworks",
				);
				PRODUCT_BUNDLE_IDENTIFIER = app.elonparks.appstoreSearch;
				PRODUCT_NAME = "$(TARGET_NAME)";
				SWIFT_VERSION = 4.2;
				TARGETED_DEVICE_FAMILY = "1,2";
			};
			name = Debug;
		};
		DB946DAD223CF3590053DBE2 /* Release */ = {
			isa = XCBuildConfiguration;
			baseConfigurationReference = FDEC759BB4BEF8C7B4305896 /* Pods-appstoreSearch.release.xcconfig */;
			buildSettings = {
				ASSETCATALOG_COMPILER_APPICON_NAME = AppIcon;
				CODE_SIGN_STYLE = Automatic;
				DEVELOPMENT_TEAM = M77W68G9P5;
				INFOPLIST_FILE = appstoreSearch/Info.plist;
				IPHONEOS_DEPLOYMENT_TARGET = 11.0;
				LD_RUNPATH_SEARCH_PATHS = (
					"$(inherited)",
					"@executable_path/Frameworks",
				);
				PRODUCT_BUNDLE_IDENTIFIER = app.elonparks.appstoreSearch;
				PRODUCT_NAME = "$(TARGET_NAME)";
				SWIFT_VERSION = 4.2;
				TARGETED_DEVICE_FAMILY = "1,2";
			};
			name = Release;
		};
		DB946DAF223CF3590053DBE2 /* Debug */ = {
			isa = XCBuildConfiguration;
			baseConfigurationReference = 0B0713A67D61217B307A6646 /* Pods-appstoreSearchTests.debug.xcconfig */;
			buildSettings = {
				ALWAYS_EMBED_SWIFT_STANDARD_LIBRARIES = YES;
				BUNDLE_LOADER = "$(TEST_HOST)";
				CODE_SIGN_STYLE = Automatic;
				DEVELOPMENT_TEAM = M77W68G9P5;
				INFOPLIST_FILE = appstoreSearchTests/Info.plist;
				LD_RUNPATH_SEARCH_PATHS = (
					"$(inherited)",
					"@executable_path/Frameworks",
					"@loader_path/Frameworks",
				);
				PRODUCT_BUNDLE_IDENTIFIER = app.elonparks.appstoreSearchTests;
				PRODUCT_NAME = "$(TARGET_NAME)";
				SWIFT_VERSION = 4.2;
				TARGETED_DEVICE_FAMILY = "1,2";
				TEST_HOST = "$(BUILT_PRODUCTS_DIR)/appstoreSearch.app/appstoreSearch";
			};
			name = Debug;
		};
		DB946DB0223CF3590053DBE2 /* Release */ = {
			isa = XCBuildConfiguration;
			baseConfigurationReference = 7DC5D538EA442FD48D3622DE /* Pods-appstoreSearchTests.release.xcconfig */;
			buildSettings = {
				ALWAYS_EMBED_SWIFT_STANDARD_LIBRARIES = YES;
				BUNDLE_LOADER = "$(TEST_HOST)";
				CODE_SIGN_STYLE = Automatic;
				DEVELOPMENT_TEAM = M77W68G9P5;
				INFOPLIST_FILE = appstoreSearchTests/Info.plist;
				LD_RUNPATH_SEARCH_PATHS = (
					"$(inherited)",
					"@executable_path/Frameworks",
					"@loader_path/Frameworks",
				);
				PRODUCT_BUNDLE_IDENTIFIER = app.elonparks.appstoreSearchTests;
				PRODUCT_NAME = "$(TARGET_NAME)";
				SWIFT_VERSION = 4.2;
				TARGETED_DEVICE_FAMILY = "1,2";
				TEST_HOST = "$(BUILT_PRODUCTS_DIR)/appstoreSearch.app/appstoreSearch";
			};
			name = Release;
		};
		DB946DB2223CF3590053DBE2 /* Debug */ = {
			isa = XCBuildConfiguration;
			baseConfigurationReference = CE16879D57A92DF7FD29EDAF /* Pods-appstoreSearchUITests.debug.xcconfig */;
			buildSettings = {
				ALWAYS_EMBED_SWIFT_STANDARD_LIBRARIES = YES;
				CODE_SIGN_STYLE = Automatic;
				DEVELOPMENT_TEAM = M77W68G9P5;
				INFOPLIST_FILE = appstoreSearchUITests/Info.plist;
				LD_RUNPATH_SEARCH_PATHS = (
					"$(inherited)",
					"@executable_path/Frameworks",
					"@loader_path/Frameworks",
				);
				PRODUCT_BUNDLE_IDENTIFIER = app.elonparks.appstoreSearchUITests;
				PRODUCT_NAME = "$(TARGET_NAME)";
				SWIFT_VERSION = 4.2;
				TARGETED_DEVICE_FAMILY = "1,2";
				TEST_TARGET_NAME = appstoreSearch;
			};
			name = Debug;
		};
		DB946DB3223CF3590053DBE2 /* Release */ = {
			isa = XCBuildConfiguration;
			baseConfigurationReference = DEB9159E0F2D38C47CF06289 /* Pods-appstoreSearchUITests.release.xcconfig */;
			buildSettings = {
				ALWAYS_EMBED_SWIFT_STANDARD_LIBRARIES = YES;
				CODE_SIGN_STYLE = Automatic;
				DEVELOPMENT_TEAM = M77W68G9P5;
				INFOPLIST_FILE = appstoreSearchUITests/Info.plist;
				LD_RUNPATH_SEARCH_PATHS = (
					"$(inherited)",
					"@executable_path/Frameworks",
					"@loader_path/Frameworks",
				);
				PRODUCT_BUNDLE_IDENTIFIER = app.elonparks.appstoreSearchUITests;
				PRODUCT_NAME = "$(TARGET_NAME)";
				SWIFT_VERSION = 4.2;
				TARGETED_DEVICE_FAMILY = "1,2";
				TEST_TARGET_NAME = appstoreSearch;
			};
			name = Release;
		};
/* End XCBuildConfiguration section */

/* Begin XCConfigurationList section */
		DB946D7E223CF3540053DBE2 /* Build configuration list for PBXProject "appstoreSearch" */ = {
			isa = XCConfigurationList;
			buildConfigurations = (
				DB946DA9223CF3590053DBE2 /* Debug */,
				DB946DAA223CF3590053DBE2 /* Release */,
			);
			defaultConfigurationIsVisible = 0;
			defaultConfigurationName = Release;
		};
		DB946DAB223CF3590053DBE2 /* Build configuration list for PBXNativeTarget "appstoreSearch" */ = {
			isa = XCConfigurationList;
			buildConfigurations = (
				DB946DAC223CF3590053DBE2 /* Debug */,
				DB946DAD223CF3590053DBE2 /* Release */,
			);
			defaultConfigurationIsVisible = 0;
			defaultConfigurationName = Release;
		};
		DB946DAE223CF3590053DBE2 /* Build configuration list for PBXNativeTarget "appstoreSearchTests" */ = {
			isa = XCConfigurationList;
			buildConfigurations = (
				DB946DAF223CF3590053DBE2 /* Debug */,
				DB946DB0223CF3590053DBE2 /* Release */,
			);
			defaultConfigurationIsVisible = 0;
			defaultConfigurationName = Release;
		};
		DB946DB1223CF3590053DBE2 /* Build configuration list for PBXNativeTarget "appstoreSearchUITests" */ = {
			isa = XCConfigurationList;
			buildConfigurations = (
				DB946DB2223CF3590053DBE2 /* Debug */,
				DB946DB3223CF3590053DBE2 /* Release */,
			);
			defaultConfigurationIsVisible = 0;
			defaultConfigurationName = Release;
		};
/* End XCConfigurationList section */
	};
	rootObject = DB946D7B223CF3540053DBE2 /* Project object */;
}
