PODS:
  - Cosmos (18.0.1)
  - RxAtomic (4.4.2)
  - RxCocoa (4.4.2):
    - RxSwift (>= 4.4.2, ~> 4.4)
  - RxSwift (4.4.2):
    - RxAtomic (>= 4.4.2, ~> 4.4)
  - SnapKit (4.2.0)

DEPENDENCIES:
  - Cosmos (~> 18.0)
  - RxCocoa (~> 4.0)
  - RxSwift (~> 4.0)
  - SnapKit (~> 4.2)

SPEC REPOS:
  https://github.com/cocoapods/specs.git:
    - Cosmos
    - RxAtomic
    - RxCocoa
    - RxSwift
    - SnapKit

SPEC CHECKSUMS:
  Cosmos: 7dfaa3f52584ca5f94ab74b5c2e264019cc9f7f5
  RxAtomic: d00e97c10db88c6f08540e0bf2752fc5a2404167
  RxCocoa: 477990dc3b4c3ff55fb0ac77e1cc06244e0aaec8
  RxSwift: 74c29b693c8e42b0f64400e8b06564575742d649
  SnapKit: fe8a619752f3f27075cc9a90244d75c6c3f27e2a

PODFILE CHECKSUM: 93e9354a45850a68aa47b7983c49c22a31fe2f87

COCOAPODS: 1.6.0
